
Microsoft Visual Studio Solution File, Format Version 12.00
# Visual Studio Version 16
VisualStudioVersion = 16.0.32106.194
MinimumVisualStudioVersion = 10.0.40219.1
Project("{9A19103F-16F7-4668-BE54-9A1E7A4F7556}") = "CalamityLostThemesPort", "CalamityLostThemesPort.csproj", "{78A83F05-8920-4FEC-820B-84ACDFB7C0B0}"
EndProject
Global
	GlobalSection(SolutionConfigurationPlatforms) = preSolution
		Debug|Any CPU = Debug|Any CPU
		Release|Any CPU = Release|Any CPU
	EndGlobalSection
	GlobalSection(ProjectConfigurationPlatforms) = postSolution
		{78A83F05-8920-4FEC-820B-84ACDFB7C0B0}.Debug|Any CPU.ActiveCfg = Debug|Any CPU
		{78A83F05-8920-4FEC-820B-84ACDFB7C0B0}.Debug|Any CPU.Build.0 = Debug|Any CPU
		{78A83F05-8920-4FEC-820B-84ACDFB7C0B0}.Release|Any CPU.ActiveCfg = Release|Any CPU
		{78A83F05-8920-4FEC-820B-84ACDFB7C0B0}.Release|Any CPU.Build.0 = Release|Any CPU
	EndGlobalSection
	GlobalSection(SolutionProperties) = preSolution
		HideSolutionNode = FALSE
	EndGlobalSection
	GlobalSection(ExtensibilityGlobals) = postSolution
		SolutionGuid = {7A78B63A-2744-40C3-A4A6-9CF725ADEBD8}
	EndGlobalSection
EndGlobal
